
Microsoft Visual Studio Solution File, Format Version 12.00
# Visual Studio 14
VisualStudioVersion = 14.0.25123.0
MinimumVisualStudioVersion = 10.0.40219.1
Project("{FAE04EC0-301F-11D3-BF4B-00C04F79EFBC}") = "NoobJaxReloaded", "NoobJaxReloaded\NoobJaxReloaded.csproj", "{180561B6-0A0A-40AD-B04A-3B1421C693ED}"
EndProject
Global
	GlobalSection(SolutionConfigurationPlatforms) = preSolution
		Debug|Any CPU = Debug|Any CPU
		Release|Any CPU = Release|Any CPU
	EndGlobalSection
	GlobalSection(ProjectConfigurationPlatforms) = postSolution
		{180561B6-0A0A-40AD-B04A-3B1421C693ED}.Debug|Any CPU.ActiveCfg = Debug|Any CPU
		{180561B6-0A0A-40AD-B04A-3B1421C693ED}.Debug|Any CPU.Build.0 = Debug|Any CPU
		{180561B6-0A0A-40AD-B04A-3B1421C693ED}.Release|Any CPU.ActiveCfg = Release|Any CPU
		{180561B6-0A0A-40AD-B04A-3B1421C693ED}.Release|Any CPU.Build.0 = Release|Any CPU
	EndGlobalSection
	GlobalSection(SolutionProperties) = preSolution
		HideSolutionNode = FALSE
	EndGlobalSection
EndGlobal
